
Microsoft Visual Studio Solution File, Format Version 12.00
# Visual Studio Version 17
VisualStudioVersion = 17.1.32328.378
MinimumVisualStudioVersion = 10.0.40219.1
Project("{FAE04EC0-301F-11D3-BF4B-00C04F79EFBC}") = "LinkedListonly", "LinkedListonly.csproj", "{F9082809-54C5-40FE-B554-069D424149E7}"
EndProject
Global
	GlobalSection(SolutionConfigurationPlatforms) = preSolution
		Debug|Any CPU = Debug|Any CPU
		Release|Any CPU = Release|Any CPU
	EndGlobalSection
	GlobalSection(ProjectConfigurationPlatforms) = postSolution
		{F9082809-54C5-40FE-B554-069D424149E7}.Debug|Any CPU.ActiveCfg = Debug|Any CPU
		{F9082809-54C5-40FE-B554-069D424149E7}.Debug|Any CPU.Build.0 = Debug|Any CPU
		{F9082809-54C5-40FE-B554-069D424149E7}.Release|Any CPU.ActiveCfg = Release|Any CPU
		{F9082809-54C5-40FE-B554-069D424149E7}.Release|Any CPU.Build.0 = Release|Any CPU
	EndGlobalSection
	GlobalSection(SolutionProperties) = preSolution
		HideSolutionNode = FALSE
	EndGlobalSection
	GlobalSection(ExtensibilityGlobals) = postSolution
		SolutionGuid = {AAEDA7CE-A8DB-4DAB-9427-42988C68E2CF}
	EndGlobalSection
EndGlobal
